
Microsoft Visual Studio Solution File, Format Version 12.00
# Visual Studio 15
Project("{FAE04EC0-301F-11D3-BF4B-00C04F79EFBC}") = "VuforiaScripts", "VuforiaScripts.csproj", "{E5D110C9-EB52-6880-28EE-A492F84EC1A6}"
EndProject
Project("{FAE04EC0-301F-11D3-BF4B-00C04F79EFBC}") = "Assembly-CSharp", "Assembly-CSharp.csproj", "{6BD12C39-D117-2C70-2AC4-4567965149AE}"
EndProject
Project("{FAE04EC0-301F-11D3-BF4B-00C04F79EFBC}") = "VuforiaEditorScripts", "VuforiaEditorScripts.csproj", "{E3E7ABC6-5A11-8FD4-8DE2-41612B44EDAB}"
EndProject
Global
	GlobalSection(SolutionConfigurationPlatforms) = preSolution
		Debug|Any CPU = Debug|Any CPU
		Release|Any CPU = Release|Any CPU
	EndGlobalSection
	GlobalSection(ProjectConfigurationPlatforms) = postSolution
		{E5D110C9-EB52-6880-28EE-A492F84EC1A6}.Debug|Any CPU.ActiveCfg = Debug|Any CPU
		{E5D110C9-EB52-6880-28EE-A492F84EC1A6}.Debug|Any CPU.Build.0 = Debug|Any CPU
		{E5D110C9-EB52-6880-28EE-A492F84EC1A6}.Release|Any CPU.ActiveCfg = Release|Any CPU
		{E5D110C9-EB52-6880-28EE-A492F84EC1A6}.Release|Any CPU.Build.0 = Release|Any CPU
		{6BD12C39-D117-2C70-2AC4-4567965149AE}.Debug|Any CPU.ActiveCfg = Debug|Any CPU
		{6BD12C39-D117-2C70-2AC4-4567965149AE}.Debug|Any CPU.Build.0 = Debug|Any CPU
		{6BD12C39-D117-2C70-2AC4-4567965149AE}.Release|Any CPU.ActiveCfg = Release|Any CPU
		{6BD12C39-D117-2C70-2AC4-4567965149AE}.Release|Any CPU.Build.0 = Release|Any CPU
		{E3E7ABC6-5A11-8FD4-8DE2-41612B44EDAB}.Debug|Any CPU.ActiveCfg = Debug|Any CPU
		{E3E7ABC6-5A11-8FD4-8DE2-41612B44EDAB}.Debug|Any CPU.Build.0 = Debug|Any CPU
		{E3E7ABC6-5A11-8FD4-8DE2-41612B44EDAB}.Release|Any CPU.ActiveCfg = Release|Any CPU
		{E3E7ABC6-5A11-8FD4-8DE2-41612B44EDAB}.Release|Any CPU.Build.0 = Release|Any CPU
	EndGlobalSection
	GlobalSection(SolutionProperties) = preSolution
		HideSolutionNode = FALSE
	EndGlobalSection
EndGlobal
